
Microsoft Visual Studio Solution File, Format Version 12.00
# Visual Studio Version 16
VisualStudioVersion = 16.0.29215.179
MinimumVisualStudioVersion = 10.0.40219.1
Project("{FAE04EC0-301F-11D3-BF4B-00C04F79EFBC}") = "Hurmamusic", "Hurmamusic\Hurmamusic.csproj", "{23816DA6-5CDF-4156-A277-D3ABA65AB8A7}"
EndProject
Global
	GlobalSection(SolutionConfigurationPlatforms) = preSolution
		Debug|Any CPU = Debug|Any CPU
		Release|Any CPU = Release|Any CPU
	EndGlobalSection
	GlobalSection(ProjectConfigurationPlatforms) = postSolution
		{23816DA6-5CDF-4156-A277-D3ABA65AB8A7}.Debug|Any CPU.ActiveCfg = Debug|Any CPU
		{23816DA6-5CDF-4156-A277-D3ABA65AB8A7}.Debug|Any CPU.Build.0 = Debug|Any CPU
		{23816DA6-5CDF-4156-A277-D3ABA65AB8A7}.Release|Any CPU.ActiveCfg = Release|Any CPU
		{23816DA6-5CDF-4156-A277-D3ABA65AB8A7}.Release|Any CPU.Build.0 = Release|Any CPU
	EndGlobalSection
	GlobalSection(SolutionProperties) = preSolution
		HideSolutionNode = FALSE
	EndGlobalSection
	GlobalSection(ExtensibilityGlobals) = postSolution
		SolutionGuid = {FBA51817-D25F-426B-82D5-CAE4FDC54B69}
	EndGlobalSection
EndGlobal
